
Microsoft Visual Studio Solution File, Format Version 12.00
# Visual Studio 14
VisualStudioVersion = 14.0.25420.1
MinimumVisualStudioVersion = 10.0.40219.1
Project("{FAE04EC0-301F-11D3-BF4B-00C04F79EFBC}") = "BORepo", "BORepo\BORepo.csproj", "{6854469B-2DD4-4DE8-9C0D-22F3B6F0CFDD}"
EndProject
Project("{FAE04EC0-301F-11D3-BF4B-00C04F79EFBC}") = "BORepo.Tests", "BORepo.Tests\BORepo.Tests.csproj", "{3938B130-E3C6-4942-BC9F-6C55E30E3540}"
EndProject
Global
	GlobalSection(SolutionConfigurationPlatforms) = preSolution
		Debug|Any CPU = Debug|Any CPU
		Release|Any CPU = Release|Any CPU
	EndGlobalSection
	GlobalSection(ProjectConfigurationPlatforms) = postSolution
		{6854469B-2DD4-4DE8-9C0D-22F3B6F0CFDD}.Debug|Any CPU.ActiveCfg = Debug|Any CPU
		{6854469B-2DD4-4DE8-9C0D-22F3B6F0CFDD}.Debug|Any CPU.Build.0 = Debug|Any CPU
		{6854469B-2DD4-4DE8-9C0D-22F3B6F0CFDD}.Release|Any CPU.ActiveCfg = Release|Any CPU
		{6854469B-2DD4-4DE8-9C0D-22F3B6F0CFDD}.Release|Any CPU.Build.0 = Release|Any CPU
		{3938B130-E3C6-4942-BC9F-6C55E30E3540}.Debug|Any CPU.ActiveCfg = Debug|Any CPU
		{3938B130-E3C6-4942-BC9F-6C55E30E3540}.Debug|Any CPU.Build.0 = Debug|Any CPU
		{3938B130-E3C6-4942-BC9F-6C55E30E3540}.Release|Any CPU.ActiveCfg = Release|Any CPU
		{3938B130-E3C6-4942-BC9F-6C55E30E3540}.Release|Any CPU.Build.0 = Release|Any CPU
	EndGlobalSection
	GlobalSection(SolutionProperties) = preSolution
		HideSolutionNode = FALSE
	EndGlobalSection
EndGlobal
